// !$*UTF8*$!
{
	archiveVersion = 1;
	classes = {
	};
	objectVersion = 56;
	objects = {

/* Begin PBXBuildFile section */
		4F3B2E9B293888FC0028A349 /* AppDelegate.swift in Sources */ = {isa = PBXBuildFile; fileRef = 4F3B2E9A293888FC0028A349 /* AppDelegate.swift */; };
		4F3B2E9D293888FC0028A349 /* SceneDelegate.swift in Sources */ = {isa = PBXBuildFile; fileRef = 4F3B2E9C293888FC0028A349 /* SceneDelegate.swift */; };
		4F3B2E9F293888FC0028A349 /* ViewController.swift in Sources */ = {isa = PBXBuildFile; fileRef = 4F3B2E9E293888FC0028A349 /* ViewController.swift */; };
		4F3B2EA2293888FC0028A349 /* Main.storyboard in Resources */ = {isa = PBXBuildFile; fileRef = 4F3B2EA0293888FC0028A349 /* Main.storyboard */; };
		4F3B2EA4293888FE0028A349 /* Assets.xcassets in Resources */ = {isa = PBXBuildFile; fileRef = 4F3B2EA3293888FE0028A349 /* Assets.xcassets */; };
		4F3B2EA7293888FE0028A349 /* LaunchScreen.storyboard in Resources */ = {isa = PBXBuildFile; fileRef = 4F3B2EA5293888FE0028A349 /* LaunchScreen.storyboard */; };
		4F3B2EB12938898B0028A349 /* tom-and-jerry-wallpaper-375.png in Resources */ = {isa = PBXBuildFile; fileRef = 4F3B2EB02938898B0028A349 /* tom-and-jerry-wallpaper-375.png */; };
		4F3B2EB32938A3C00028A349 /* tomandjerry.png in Resources */ = {isa = PBXBuildFile; fileRef = 4F3B2EB22938A3C00028A349 /* tomandjerry.png */; };
/* End PBXBuildFile section */

/* Begin PBXFileReference section */
		4F3B2E97293888FC0028A349 /* TomAndJerryApp.app */ = {isa = PBXFileReference; explicitFileType = wrapper.application; includeInIndex = 0; path = TomAndJerryApp.app; sourceTree = BUILT_PRODUCTS_DIR; };
		4F3B2E9A293888FC0028A349 /* AppDelegate.swift */ = {isa = PBXFileReference; lastKnownFileType = sourcecode.swift; path = AppDelegate.swift; sourceTree = "<group>"; };
		4F3B2E9C293888FC0028A349 /* SceneDelegate.swift */ = {isa = PBXFileReference; lastKnownFileType = sourcecode.swift; path = SceneDelegate.swift; sourceTree = "<group>"; };
		4F3B2E9E293888FC0028A349 /* ViewController.swift */ = {isa = PBXFileReference; lastKnownFileType = sourcecode.swift; path = ViewController.swift; sourceTree = "<group>"; };
		4F3B2EA1293888FC0028A349 /* Base */ = {isa = PBXFileReference; lastKnownFileType = file.storyboard; name = Base; path = Base.lproj/Main.storyboard; sourceTree = "<group>"; };
		4F3B2EA3293888FE0028A349 /* Assets.xcassets */ = {isa = PBXFileReference; lastKnownFileType = folder.assetcatalog; path = Assets.xcassets; sourceTree = "<group>"; };
		4F3B2EA6293888FE0028A349 /* Base */ = {isa = PBXFileReference; lastKnownFileType = file.storyboard; name = Base; path = Base.lproj/LaunchScreen.storyboard; sourceTree = "<group>"; };
		4F3B2EA8293888FE0028A349 /* Info.plist */ = {isa = PBXFileReference; lastKnownFileType = text.plist.xml; path = Info.plist; sourceTree = "<group>"; };
		4F3B2EB02938898B0028A349 /* tom-and-jerry-wallpaper-375.png */ = {isa = PBXFileReference; lastKnownFileType = image.png; name = "tom-and-jerry-wallpaper-375.png"; path = "../../tom-and-jerry-wallpaper-375.png"; sourceTree = "<group>"; };
		4F3B2EB22938A3C00028A349 /* tomandjerry.png */ = {isa = PBXFileReference; lastKnownFileType = image.png; path = tomandjerry.png; sourceTree = "<group>"; };
/* End PBXFileReference section */

/* Begin PBXFrameworksBuildPhase section */
		4F3B2E94293888FC0028A349 /* Frameworks */ = {
			isa = PBXFrameworksBuildPhase;
			buildActionMask = 2147483647;
			files = (
			);
			runOnlyForDeploymentPostprocessing = 0;
		};
/* End PBXFrameworksBuildPhase section */

/* Begin PBXGroup section */
		4F3B2E8E293888FC0028A349 = {
			isa = PBXGroup;
			children = (
				4F3B2E99293888FC0028A349 /* TomAndJerryApp */,
				4F3B2E98293888FC0028A349 /* Products */,
			);
			sourceTree = "<group>";
		};
		4F3B2E98293888FC0028A349 /* Products */ = {
			isa = PBXGroup;
			children = (
				4F3B2E97293888FC0028A349 /* TomAndJerryApp.app */,
			);
			name = Products;
			sourceTree = "<group>";
		};
		4F3B2E99293888FC0028A349 /* TomAndJerryApp */ = {
			isa = PBXGroup;
			children = (
				4F3B2EB22938A3C00028A349 /* tomandjerry.png */,
				4F3B2EB02938898B0028A349 /* tom-and-jerry-wallpaper-375.png */,
				4F3B2E9A293888FC0028A349 /* AppDelegate.swift */,
				4F3B2E9C293888FC0028A349 /* SceneDelegate.swift */,
				4F3B2E9E293888FC0028A349 /* ViewController.swift */,
				4F3B2EA0293888FC0028A349 /* Main.storyboard */,
				4F3B2EA3293888FE0028A349 /* Assets.xcassets */,
				4F3B2EA5293888FE0028A349 /* LaunchScreen.storyboard */,
				4F3B2EA8293888FE0028A349 /* Info.plist */,
			);
			path = TomAndJerryApp;
			sourceTree = "<group>";
		};
/* End PBXGroup section */

/* Begin PBXNativeTarget section */
		4F3B2E96293888FC0028A349 /* TomAndJerryApp */ = {
			isa = PBXNativeTarget;
			buildConfigurationList = 4F3B2EAB293888FE0028A349 /* Build configuration list for PBXNativeTarget "TomAndJerryApp" */;
			buildPhases = (
				4F3B2E93293888FC0028A349 /* Sources */,
				4F3B2E94293888FC0028A349 /* Frameworks */,
				4F3B2E95293888FC0028A349 /* Resources */,
			);
			buildRules = (
			);
			dependencies = (
			);
			name = TomAndJerryApp;
			productName = TomAndJerryApp;
			productReference = 4F3B2E97293888FC0028A349 /* TomAndJerryApp.app */;
			productType = "com.apple.product-type.application";
		};
/* End PBXNativeTarget section */

/* Begin PBXProject section */
		4F3B2E8F293888FC0028A349 /* Project object */ = {
			isa = PBXProject;
			attributes = {
				BuildIndependentTargetsInParallel = 1;
				LastSwiftUpdateCheck = 1410;
				LastUpgradeCheck = 1410;
				TargetAttributes = {
					4F3B2E96293888FC0028A349 = {
						CreatedOnToolsVersion = 14.1;
					};
				};
			};
			buildConfigurationList = 4F3B2E92293888FC0028A349 /* Build configuration list for PBXProject "TomAndJerryApp" */;
			compatibilityVersion = "Xcode 14.0";
			developmentRegion = en;
			hasScannedForEncodings = 0;
			knownRegions = (
				en,
				Base,
			);
			mainGroup = 4F3B2E8E293888FC0028A349;
			productRefGroup = 4F3B2E98293888FC0028A349 /* Products */;
			projectDirPath = "";
			projectRoot = "";
			targets = (
				4F3B2E96293888FC0028A349 /* TomAndJerryApp */,
			);
		};
/* End PBXProject section */

/* Begin PBXResourcesBuildPhase section */
		4F3B2E95293888FC0028A349 /* Resources */ = {
			isa = PBXResourcesBuildPhase;
			buildActionMask = 2147483647;
			files = (
				4F3B2EB12938898B0028A349 /* tom-and-jerry-wallpaper-375.png in Resources */,
				4F3B2EA7293888FE0028A349 /* LaunchScreen.storyboard in Resources */,
				4F3B2EA4293888FE0028A349 /* Assets.xcassets in Resources */,
				4F3B2EB32938A3C00028A349 /* tomandjerry.png in Resources */,
				4F3B2EA2293888FC0028A349 /* Main.storyboard in Resources */,
			);
			runOnlyForDeploymentPostprocessing = 0;
		};
/* End PBXResourcesBuildPhase section */

/* Begin PBXSourcesBuildPhase section */
		4F3B2E93293888FC0028A349 /* Sources */ = {
			isa = PBXSourcesBuildPhase;
			buildActionMask = 2147483647;
			files = (
				4F3B2E9F293888FC0028A349 /* ViewController.swift in Sources */,
				4F3B2E9B293888FC0028A349 /* AppDelegate.swift in Sources */,
				4F3B2E9D293888FC0028A349 /* SceneDelegate.swift in Sources */,
			);
			runOnlyForDeploymentPostprocessing = 0;
		};
/* End PBXSourcesBuildPhase section */

/* Begin PBXVariantGroup section */
		4F3B2EA0293888FC0028A349 /* Main.storyboard */ = {
			isa = PBXVariantGroup;
			children = (
				4F3B2EA1293888FC0028A349 /* Base */,
			);
			name = Main.storyboard;
			sourceTree = "<group>";
		};
		4F3B2EA5293888FE0028A349 /* LaunchScreen.storyboard */ = {
			isa = PBXVariantGroup;
			children = (
				4F3B2EA6293888FE0028A349 /* Base */,
			);
			name = LaunchScreen.storyboard;
			sourceTree = "<group>";
		};
/* End PBXVariantGroup section */

/* Begin XCBuildConfiguration section */
		4F3B2EA9293888FE0028A349 /* Debug */ = {
			isa = XCBuildConfiguration;
			buildSettings = {
				ALWAYS_SEARCH_USER_PATHS = NO;
				CLANG_ANALYZER_NONNULL = YES;
				CLANG_ANALYZER_NUMBER_OBJECT_CONVERSION = YES_AGGRESSIVE;
				CLANG_CXX_LANGUAGE_STANDARD = "gnu++20";
				CLANG_ENABLE_MODULES = YES;
				CLANG_ENABLE_OBJC_ARC = YES;
				CLANG_ENABLE_OBJC_WEAK = YES;
				CLANG_WARN_BLOCK_CAPTURE_AUTORELEASING = YES;
				CLANG_WARN_BOOL_CONVERSION = YES;
				CLANG_WARN_COMMA = YES;
				CLANG_WARN_CONSTANT_CONVERSION = YES;
				CLANG_WARN_DEPRECATED_OBJC_IMPLEMENTATIONS = YES;
				CLANG_WARN_DIRECT_OBJC_ISA_USAGE = YES_ERROR;
				CLANG_WARN_DOCUMENTATION_COMMENTS = YES;
				CLANG_WARN_EMPTY_BODY = YES;
				CLANG_WARN_ENUM_CONVERSION = YES;
				CLANG_WARN_INFINITE_RECURSION = YES;
				CLANG_WARN_INT_CONVERSION = YES;
				CLANG_WARN_NON_LITERAL_NULL_CONVERSION = YES;
				CLANG_WARN_OBJC_IMPLICIT_RETAIN_SELF = YES;
				CLANG_WARN_OBJC_LITERAL_CONVERSION = YES;
				CLANG_WARN_OBJC_ROOT_CLASS = YES_ERROR;
				CLANG_WARN_QUOTED_INCLUDE_IN_FRAMEWORK_HEADER = YES;
				CLANG_WARN_RANGE_LOOP_ANALYSIS = YES;
				CLANG_WARN_STRICT_PROTOTYPES = YES;
				CLANG_WARN_SUSPICIOUS_MOVE = YES;
				CLANG_WARN_UNGUARDED_AVAILABILITY = YES_AGGRESSIVE;
				CLANG_WARN_UNREACHABLE_CODE = YES;
				CLANG_WARN__DUPLICATE_METHOD_MATCH = YES;
				COPY_PHASE_STRIP = NO;
				DEBUG_INFORMATION_FORMAT = dwarf;
				ENABLE_STRICT_OBJC_MSGSEND = YES;
				ENABLE_TESTABILITY = YES;
				GCC_C_LANGUAGE_STANDARD = gnu11;
				GCC_DYNAMIC_NO_PIC = NO;
				GCC_NO_COMMON_BLOCKS = YES;
				GCC_OPTIMIZATION_LEVEL = 0;
				GCC_PREPROCESSOR_DEFINITIONS = (
					"DEBUG=1",
					"$(inherited)",
				);
				GCC_WARN_64_TO_32_BIT_CONVERSION = YES;
				GCC_WARN_ABOUT_RETURN_TYPE = YES_ERROR;
				GCC_WARN_UNDECLARED_SELECTOR = YES;
				GCC_WARN_UNINITIALIZED_AUTOS = YES_AGGRESSIVE;
				GCC_WARN_UNUSED_FUNCTION = YES;
				GCC_WARN_UNUSED_VARIABLE = YES;
				IPHONEOS_DEPLOYMENT_TARGET = 16.1;
				MTL_ENABLE_DEBUG_INFO = INCLUDE_SOURCE;
				MTL_FAST_MATH = YES;
				ONLY_ACTIVE_ARCH = YES;
				SDKROOT = iphoneos;
				SWIFT_ACTIVE_COMPILATION_CONDITIONS = DEBUG;
				SWIFT_OPTIMIZATION_LEVEL = "-Onone";
			};
			name = Debug;
		};
		4F3B2EAA293888FE0028A349 /* Release */ = {
			isa = XCBuildConfiguration;
			buildSettings = {
				ALWAYS_SEARCH_USER_PATHS = NO;
				CLANG_ANALYZER_NONNULL = YES;
				CLANG_ANALYZER_NUMBER_OBJECT_CONVERSION = YES_AGGRESSIVE;
				CLANG_CXX_LANGUAGE_STANDARD = "gnu++20";
				CLANG_ENABLE_MODULES = YES;
				CLANG_ENABLE_OBJC_ARC = YES;
				CLANG_ENABLE_OBJC_WEAK = YES;
				CLANG_WARN_BLOCK_CAPTURE_AUTORELEASING = YES;
				CLANG_WARN_BOOL_CONVERSION = YES;
				CLANG_WARN_COMMA = YES;
				CLANG_WARN_CONSTANT_CONVERSION = YES;
				CLANG_WARN_DEPRECATED_OBJC_IMPLEMENTATIONS = YES;
				CLANG_WARN_DIRECT_OBJC_ISA_USAGE = YES_ERROR;
				CLANG_WARN_DOCUMENTATION_COMMENTS = YES;
				CLANG_WARN_EMPTY_BODY = YES;
				CLANG_WARN_ENUM_CONVERSION = YES;
				CLANG_WARN_INFINITE_RECURSION = YES;
				CLANG_WARN_INT_CONVERSION = YES;
				CLANG_WARN_NON_LITERAL_NULL_CONVERSION = YES;
				CLANG_WARN_OBJC_IMPLICIT_RETAIN_SELF = YES;
				CLANG_WARN_OBJC_LITERAL_CONVERSION = YES;
				CLANG_WARN_OBJC_ROOT_CLASS = YES_ERROR;
				CLANG_WARN_QUOTED_INCLUDE_IN_FRAMEWORK_HEADER = YES;
				CLANG_WARN_RANGE_LOOP_ANALYSIS = YES;
				CLANG_WARN_STRICT_PROTOTYPES = YES;
				CLANG_WARN_SUSPICIOUS_MOVE = YES;
				CLANG_WARN_UNGUARDED_AVAILABILITY = YES_AGGRESSIVE;
				CLANG_WARN_UNREACHABLE_CODE = YES;
				CLANG_WARN__DUPLICATE_METHOD_MATCH = YES;
				COPY_PHASE_STRIP = NO;
				DEBUG_INFORMATION_FORMAT = "dwarf-with-dsym";
				ENABLE_NS_ASSERTIONS = NO;
				ENABLE_STRICT_OBJC_MSGSEND = YES;
				GCC_C_LANGUAGE_STANDARD = gnu11;
				GCC_NO_COMMON_BLOCKS = YES;
				GCC_WARN_64_TO_32_BIT_CONVERSION = YES;
				GCC_WARN_ABOUT_RETURN_TYPE = YES_ERROR;
				GCC_WARN_UNDECLARED_SELECTOR = YES;
				GCC_WARN_UNINITIALIZED_AUTOS = YES_AGGRESSIVE;
				GCC_WARN_UNUSED_FUNCTION = YES;
				GCC_WARN_UNUSED_VARIABLE = YES;
				IPHONEOS_DEPLOYMENT_TARGET = 16.1;
				MTL_ENABLE_DEBUG_INFO = NO;
				MTL_FAST_MATH = YES;
				SDKROOT = iphoneos;
				SWIFT_COMPILATION_MODE = wholemodule;
				SWIFT_OPTIMIZATION_LEVEL = "-O";
				VALIDATE_PRODUCT = YES;
			};
			name = Release;
		};
		4F3B2EAC293888FE0028A349 /* Debug */ = {
			isa = XCBuildConfiguration;
			buildSettings = {
				ASSETCATALOG_COMPILER_APPICON_NAME = AppIcon;
				ASSETCATALOG_COMPILER_GLOBAL_ACCENT_COLOR_NAME = AccentColor;
				CODE_SIGN_STYLE = Automatic;
				CURRENT_PROJECT_VERSION = 1;
				GENERATE_INFOPLIST_FILE = YES;
				INFOPLIST_FILE = TomAndJerryApp/Info.plist;
				INFOPLIST_KEY_UIApplicationSupportsIndirectInputEvents = YES;
				INFOPLIST_KEY_UILaunchStoryboardName = LaunchScreen;
				INFOPLIST_KEY_UIMainStoryboardFile = Main;
				INFOPLIST_KEY_UISupportedInterfaceOrientations_iPad = "UIInterfaceOrientationPortrait UIInterfaceOrientationPortraitUpsideDown UIInterfaceOrientationLandscapeLeft UIInterfaceOrientationLandscapeRight";
				INFOPLIST_KEY_UISupportedInterfaceOrientations_iPhone = "UIInterfaceOrientationPortrait UIInterfaceOrientationLandscapeLeft UIInterfaceOrientationLandscapeRight";
				LD_RUNPATH_SEARCH_PATHS = (
					"$(inherited)",
					"@executable_path/Frameworks",
				);
				MARKETING_VERSION = 1.0;
				PRODUCT_BUNDLE_IDENTIFIER = com.suleymanarslan.TomAndJerryApp;
				PRODUCT_NAME = "$(TARGET_NAME)";
				SWIFT_EMIT_LOC_STRINGS = YES;
				SWIFT_VERSION = 5.0;
				TARGETED_DEVICE_FAMILY = "1,2";
			};
			name = Debug;
		};
		4F3B2EAD293888FE0028A349 /* Release */ = {
			isa = XCBuildConfiguration;
			buildSettings = {
				ASSETCATALOG_COMPILER_APPICON_NAME = AppIcon;
				ASSETCATALOG_COMPILER_GLOBAL_ACCENT_COLOR_NAME = AccentColor;
				CODE_SIGN_STYLE = Automatic;
				CURRENT_PROJECT_VERSION = 1;
				GENERATE_INFOPLIST_FILE = YES;
				INFOPLIST_FILE = TomAndJerryApp/Info.plist;
				INFOPLIST_KEY_UIApplicationSupportsIndirectInputEvents = YES;
				INFOPLIST_KEY_UILaunchStoryboardName = LaunchScreen;
				INFOPLIST_KEY_UIMainStoryboardFile = Main;
				INFOPLIST_KEY_UISupportedInterfaceOrientations_iPad = "UIInterfaceOrientationPortrait UIInterfaceOrientationPortraitUpsideDown UIInterfaceOrientationLandscapeLeft UIInterfaceOrientationLandscapeRight";
				INFOPLIST_KEY_UISupportedInterfaceOrientations_iPhone = "UIInterfaceOrientationPortrait UIInterfaceOrientationLandscapeLeft UIInterfaceOrientationLandscapeRight";
				LD_RUNPATH_SEARCH_PATHS = (
					"$(inherited)",
					"@executable_path/Frameworks",
				);
				MARKETING_VERSION = 1.0;
				PRODUCT_BUNDLE_IDENTIFIER = com.suleymanarslan.TomAndJerryApp;
				PRODUCT_NAME = "$(TARGET_NAME)";
				SWIFT_EMIT_LOC_STRINGS = YES;
				SWIFT_VERSION = 5.0;
				TARGETED_DEVICE_FAMILY = "1,2";
			};
			name = Release;
		};
/* End XCBuildConfiguration section */

/* Begin XCConfigurationList section */
		4F3B2E92293888FC0028A349 /* Build configuration list for PBXProject "TomAndJerryApp" */ = {
			isa = XCConfigurationList;
			buildConfigurations = (
				4F3B2EA9293888FE0028A349 /* Debug */,
				4F3B2EAA293888FE0028A349 /* Release */,
			);
			defaultConfigurationIsVisible = 0;
			defaultConfigurationName = Release;
		};
		4F3B2EAB293888FE0028A349 /* Build configuration list for PBXNativeTarget "TomAndJerryApp" */ = {
			isa = XCConfigurationList;
			buildConfigurations = (
				4F3B2EAC293888FE0028A349 /* Debug */,
				4F3B2EAD293888FE0028A349 /* Release */,
			);
			defaultConfigurationIsVisible = 0;
			defaultConfigurationName = Release;
		};
/* End XCConfigurationList section */
	};
	rootObject = 4F3B2E8F293888FC0028A349 /* Project object */;
}
